[root]
name = "akira"
version = "0.1.0"
dependencies = [
 "rlibc 1.0.0 (registry+https://github.com/rust-lang/crates.io-index)",
 "uefi-sys 0.1.0",
]

[[package]]
name = "rlibc"
version = "1.0.0"
source = "registry+https://github.com/rust-lang/crates.io-index"

[[package]]
name = "uefi-sys"
version = "0.1.0"

