[root]
name = "akira"
version = "0.1.0"
dependencies = [
 "efi 0.1.0",
 "rlibc 1.0.0 (registry+https://github.com/rust-lang/crates.io-index)",
]

[[package]]
name = "efi"
version = "0.1.0"
dependencies = [
 "efi-sys 0.1.0",
]

[[package]]
name = "efi-sys"
version = "0.1.0"

[[package]]
name = "rlibc"
version = "1.0.0"
source = "registry+https://github.com/rust-lang/crates.io-index"

